// !$*UTF8*$!
{
	archiveVersion = 1;
	classes = {
	};
	objectVersion = 50;
	objects = {

/* Begin PBXBuildFile section */
		0CF8C3B7B05296E836275CC7 /* Pods_Nerde_Yesem.framework in Frameworks */ = {isa = PBXBuildFile; fileRef = B7DA18611AAF409707E17770 /* Pods_Nerde_Yesem.framework */; };
		DF03E9C72297E46B00B1F904 /* RestaurantDetail.storyboard in Resources */ = {isa = PBXBuildFile; fileRef = DF03E9C62297E46B00B1F904 /* RestaurantDetail.storyboard */; };
		DF03E9C92297EA7900B1F904 /* IBDesignableExtensions.swift in Sources */ = {isa = PBXBuildFile; fileRef = DF03E9C82297EA7900B1F904 /* IBDesignableExtensions.swift */; };
		DF03E9CC2297ED9A00B1F904 /* RestaurantDetailViewController.swift in Sources */ = {isa = PBXBuildFile; fileRef = DF03E9CB2297ED9A00B1F904 /* RestaurantDetailViewController.swift */; };
		DF03E9CE2297F6DD00B1F904 /* RestaurantDetailPresenter.swift in Sources */ = {isa = PBXBuildFile; fileRef = DF03E9CD2297F6DD00B1F904 /* RestaurantDetailPresenter.swift */; };
		DF03E9D02297F6EC00B1F904 /* RestaurantView.swift in Sources */ = {isa = PBXBuildFile; fileRef = DF03E9CF2297F6EC00B1F904 /* RestaurantView.swift */; };
		DF03E9D32297F91A00B1F904 /* RestaurantDetailResponse.swift in Sources */ = {isa = PBXBuildFile; fileRef = DF03E9D22297F91A00B1F904 /* RestaurantDetailResponse.swift */; };
		DF03E9D6229810A900B1F904 /* LoginViewController.swift in Sources */ = {isa = PBXBuildFile; fileRef = DF03E9D5229810A900B1F904 /* LoginViewController.swift */; };
		DF03E9D82298145B00B1F904 /* BiometricAuthenticator.swift in Sources */ = {isa = PBXBuildFile; fileRef = DF03E9D72298145B00B1F904 /* BiometricAuthenticator.swift */; };
		DF03E9DA2298147900B1F904 /* AuthenticationError.swift in Sources */ = {isa = PBXBuildFile; fileRef = DF03E9D92298147900B1F904 /* AuthenticationError.swift */; };
		DF0E9B37228F745800C0F356 /* AppDelegate.swift in Sources */ = {isa = PBXBuildFile; fileRef = DF0E9B36228F745800C0F356 /* AppDelegate.swift */; };
		DF0E9B39228F745800C0F356 /* NearbyRestaurantsViewController.swift in Sources */ = {isa = PBXBuildFile; fileRef = DF0E9B38228F745800C0F356 /* NearbyRestaurantsViewController.swift */; };
		DF0E9B3C228F745800C0F356 /* Main.storyboard in Resources */ = {isa = PBXBuildFile; fileRef = DF0E9B3A228F745800C0F356 /* Main.storyboard */; };
		DF0E9B3E228F745800C0F356 /* Assets.xcassets in Resources */ = {isa = PBXBuildFile; fileRef = DF0E9B3D228F745800C0F356 /* Assets.xcassets */; };
		DF0E9B41228F745800C0F356 /* LaunchScreen.storyboard in Resources */ = {isa = PBXBuildFile; fileRef = DF0E9B3F228F745800C0F356 /* LaunchScreen.storyboard */; };
		DF0E9B4C228F745800C0F356 /* Nerde_YesemTests.swift in Sources */ = {isa = PBXBuildFile; fileRef = DF0E9B4B228F745800C0F356 /* Nerde_YesemTests.swift */; };
		DF0E9B57228F745800C0F356 /* Nerde_YesemUITests.swift in Sources */ = {isa = PBXBuildFile; fileRef = DF0E9B56228F745800C0F356 /* Nerde_YesemUITests.swift */; };
		DF4DF63822958633008B4BE2 /* CategoriesViewController.swift in Sources */ = {isa = PBXBuildFile; fileRef = DF4DF63722958633008B4BE2 /* CategoriesViewController.swift */; };
		DF4DF63A22958692008B4BE2 /* Reachability.swift in Sources */ = {isa = PBXBuildFile; fileRef = DF4DF63922958692008B4BE2 /* Reachability.swift */; };
		DF4DF63C229587CA008B4BE2 /* Constants.swift in Sources */ = {isa = PBXBuildFile; fileRef = DF4DF63B229587CA008B4BE2 /* Constants.swift */; };
		DF4DF64022958850008B4BE2 /* CategoriesPresenter.swift in Sources */ = {isa = PBXBuildFile; fileRef = DF4DF63F22958850008B4BE2 /* CategoriesPresenter.swift */; };
		DF4DF6422295885A008B4BE2 /* CategoriesView.swift in Sources */ = {isa = PBXBuildFile; fileRef = DF4DF6412295885A008B4BE2 /* CategoriesView.swift */; };
		DF4DF64422958A01008B4BE2 /* APIRouter.swift in Sources */ = {isa = PBXBuildFile; fileRef = DF4DF64322958A01008B4BE2 /* APIRouter.swift */; };
		DF4DF64622958F5F008B4BE2 /* APIConfiguration.swift in Sources */ = {isa = PBXBuildFile; fileRef = DF4DF64522958F5F008B4BE2 /* APIConfiguration.swift */; };
		DF4DF65622959C56008B4BE2 /* NearbyRestaurantResponse.swift in Sources */ = {isa = PBXBuildFile; fileRef = DF4DF65522959C56008B4BE2 /* NearbyRestaurantResponse.swift */; };
		DF4DF65822959CC1008B4BE2 /* Location.swift in Sources */ = {isa = PBXBuildFile; fileRef = DF4DF65722959CC1008B4BE2 /* Location.swift */; };
		DF4DF65A22959CEC008B4BE2 /* NearbyRestaurants.swift in Sources */ = {isa = PBXBuildFile; fileRef = DF4DF65922959CEB008B4BE2 /* NearbyRestaurants.swift */; };
		DF4DF65C22959D06008B4BE2 /* Popularity.swift in Sources */ = {isa = PBXBuildFile; fileRef = DF4DF65B22959D06008B4BE2 /* Popularity.swift */; };
		DF4DF65E22959D1C008B4BE2 /* R.swift in Sources */ = {isa = PBXBuildFile; fileRef = DF4DF65D22959D1C008B4BE2 /* R.swift */; };
		DF4DF66022959D2C008B4BE2 /* Restaurant.swift in Sources */ = {isa = PBXBuildFile; fileRef = DF4DF65F22959D2C008B4BE2 /* Restaurant.swift */; };
		DF4DF66222959D50008B4BE2 /* UserRating.swift in Sources */ = {isa = PBXBuildFile; fileRef = DF4DF66122959D50008B4BE2 /* UserRating.swift */; };
		DF4DF6642295A017008B4BE2 /* CategoriesResponse.swift in Sources */ = {isa = PBXBuildFile; fileRef = DF4DF6632295A017008B4BE2 /* CategoriesResponse.swift */; };
		DF4DF6662295A058008B4BE2 /* Category.swift in Sources */ = {isa = PBXBuildFile; fileRef = DF4DF6652295A058008B4BE2 /* Category.swift */; };
		DF4DF6682295A08F008B4BE2 /* Categories.swift in Sources */ = {isa = PBXBuildFile; fileRef = DF4DF6672295A08F008B4BE2 /* Categories.swift */; };
		DF4DF66A2295AB0F008B4BE2 /* Categories.storyboard in Resources */ = {isa = PBXBuildFile; fileRef = DF4DF6692295AB0F008B4BE2 /* Categories.storyboard */; };
		DF4DF66C2295AB26008B4BE2 /* NearbyRestaurants.storyboard in Resources */ = {isa = PBXBuildFile; fileRef = DF4DF66B2295AB26008B4BE2 /* NearbyRestaurants.storyboard */; };
		DF4DF66F2295AE83008B4BE2 /* CategoriesCell.swift in Sources */ = {isa = PBXBuildFile; fileRef = DF4DF66E2295AE83008B4BE2 /* CategoriesCell.swift */; };
		DF4DF6712295AF6C008B4BE2 /* CategoriesViewModel.swift in Sources */ = {isa = PBXBuildFile; fileRef = DF4DF6702295AF6C008B4BE2 /* CategoriesViewModel.swift */; };
		DF4DF6732295B7F4008B4BE2 /* CategoriesDataSource.swift in Sources */ = {isa = PBXBuildFile; fileRef = DF4DF6722295B7F4008B4BE2 /* CategoriesDataSource.swift */; };
		DF4DF67A2295C250008B4BE2 /* NearbyRestaurantsPresenter.swift in Sources */ = {isa = PBXBuildFile; fileRef = DF4DF6792295C250008B4BE2 /* NearbyRestaurantsPresenter.swift */; };
		DF4DF67C2295C2B3008B4BE2 /* NearbyRestaurantsView.swift in Sources */ = {isa = PBXBuildFile; fileRef = DF4DF67B2295C2B3008B4BE2 /* NearbyRestaurantsView.swift */; };
		DF4DF67E2295C4DD008B4BE2 /* NearbyRestaurantCell.swift in Sources */ = {isa = PBXBuildFile; fileRef = DF4DF67D2295C4DD008B4BE2 /* NearbyRestaurantCell.swift */; };
		DF4DF6802295CB2D008B4BE2 /* NearbyRestaurantViewModel.swift in Sources */ = {isa = PBXBuildFile; fileRef = DF4DF67F2295CB2D008B4BE2 /* NearbyRestaurantViewModel.swift */; };
		DF4DF6822296966A008B4BE2 /* NearbyRestaurantDataSource.swift in Sources */ = {isa = PBXBuildFile; fileRef = DF4DF6812296966A008B4BE2 /* NearbyRestaurantDataSource.swift */; };
		DF59CAAB22956C6B00018377 /* Extensions.swift in Sources */ = {isa = PBXBuildFile; fileRef = DF59CAAA22956C6B00018377 /* Extensions.swift */; };
		DF59CAAD22956C7E00018377 /* NerdeYesemUtils.swift in Sources */ = {isa = PBXBuildFile; fileRef = DF59CAAC22956C7E00018377 /* NerdeYesemUtils.swift */; };
		DF59CAAF22956CA500018377 /* BaseViewController.swift in Sources */ = {isa = PBXBuildFile; fileRef = DF59CAAE22956CA500018377 /* BaseViewController.swift */; };
/* End PBXBuildFile section */

/* Begin PBXContainerItemProxy section */
		DF0E9B48228F745800C0F356 /* PBXContainerItemProxy */ = {
			isa = PBXContainerItemProxy;
			containerPortal = DF0E9B2B228F745800C0F356 /* Project object */;
			proxyType = 1;
			remoteGlobalIDString = DF0E9B32228F745800C0F356;
			remoteInfo = "Nerde Yesem";
		};
		DF0E9B53228F745800C0F356 /* PBXContainerItemProxy */ = {
			isa = PBXContainerItemProxy;
			containerPortal = DF0E9B2B228F745800C0F356 /* Project object */;
			proxyType = 1;
			remoteGlobalIDString = DF0E9B32228F745800C0F356;
			remoteInfo = "Nerde Yesem";
		};
/* End PBXContainerItemProxy section */

/* Begin PBXFileReference section */
		01FE4ED932FCA801F59A712D /* Pods-Nerde Yesem.release.xcconfig */ = {isa = PBXFileReference; includeInIndex = 1; lastKnownFileType = text.xcconfig; name = "Pods-Nerde Yesem.release.xcconfig"; path = "Target Support Files/Pods-Nerde Yesem/Pods-Nerde Yesem.release.xcconfig"; sourceTree = "<group>"; };
		B7DA18611AAF409707E17770 /* Pods_Nerde_Yesem.framework */ = {isa = PBXFileReference; explicitFileType = wrapper.framework; includeInIndex = 0; path = Pods_Nerde_Yesem.framework; sourceTree = BUILT_PRODUCTS_DIR; };
		DF03E9C62297E46B00B1F904 /* RestaurantDetail.storyboard */ = {isa = PBXFileReference; lastKnownFileType = file.storyboard; path = RestaurantDetail.storyboard; sourceTree = "<group>"; };
		DF03E9C82297EA7900B1F904 /* IBDesignableExtensions.swift */ = {isa = PBXFileReference; lastKnownFileType = sourcecode.swift; path = IBDesignableExtensions.swift; sourceTree = "<group>"; };
		DF03E9CB2297ED9A00B1F904 /* RestaurantDetailViewController.swift */ = {isa = PBXFileReference; lastKnownFileType = sourcecode.swift; path = RestaurantDetailViewController.swift; sourceTree = "<group>"; };
		DF03E9CD2297F6DD00B1F904 /* RestaurantDetailPresenter.swift */ = {isa = PBXFileReference; lastKnownFileType = sourcecode.swift; path = RestaurantDetailPresenter.swift; sourceTree = "<group>"; };
		DF03E9CF2297F6EC00B1F904 /* RestaurantView.swift */ = {isa = PBXFileReference; lastKnownFileType = sourcecode.swift; path = RestaurantView.swift; sourceTree = "<group>"; };
		DF03E9D22297F91A00B1F904 /* RestaurantDetailResponse.swift */ = {isa = PBXFileReference; lastKnownFileType = sourcecode.swift; path = RestaurantDetailResponse.swift; sourceTree = "<group>"; };
		DF03E9D5229810A900B1F904 /* LoginViewController.swift */ = {isa = PBXFileReference; lastKnownFileType = sourcecode.swift; path = LoginViewController.swift; sourceTree = "<group>"; };
		DF03E9D72298145B00B1F904 /* BiometricAuthenticator.swift */ = {isa = PBXFileReference; lastKnownFileType = sourcecode.swift; path = BiometricAuthenticator.swift; sourceTree = "<group>"; };
		DF03E9D92298147900B1F904 /* AuthenticationError.swift */ = {isa = PBXFileReference; lastKnownFileType = sourcecode.swift; path = AuthenticationError.swift; sourceTree = "<group>"; };
		DF0E9B33228F745800C0F356 /* Nerde Yesem.app */ = {isa = PBXFileReference; explicitFileType = wrapper.application; includeInIndex = 0; path = "Nerde Yesem.app"; sourceTree = BUILT_PRODUCTS_DIR; };
		DF0E9B36228F745800C0F356 /* AppDelegate.swift */ = {isa = PBXFileReference; lastKnownFileType = sourcecode.swift; path = AppDelegate.swift; sourceTree = "<group>"; };
		DF0E9B38228F745800C0F356 /* NearbyRestaurantsViewController.swift */ = {isa = PBXFileReference; lastKnownFileType = sourcecode.swift; path = NearbyRestaurantsViewController.swift; sourceTree = "<group>"; };
		DF0E9B3B228F745800C0F356 /* Base */ = {isa = PBXFileReference; lastKnownFileType = file.storyboard; name = Base; path = Base.lproj/Main.storyboard; sourceTree = "<group>"; };
		DF0E9B3D228F745800C0F356 /* Assets.xcassets */ = {isa = PBXFileReference; lastKnownFileType = folder.assetcatalog; path = Assets.xcassets; sourceTree = "<group>"; };
		DF0E9B40228F745800C0F356 /* Base */ = {isa = PBXFileReference; lastKnownFileType = file.storyboard; name = Base; path = Base.lproj/LaunchScreen.storyboard; sourceTree = "<group>"; };
		DF0E9B42228F745800C0F356 /* Info.plist */ = {isa = PBXFileReference; lastKnownFileType = text.plist.xml; path = Info.plist; sourceTree = "<group>"; };
		DF0E9B47228F745800C0F356 /* Nerde YesemTests.xctest */ = {isa = PBXFileReference; explicitFileType = wrapper.cfbundle; includeInIndex = 0; path = "Nerde YesemTests.xctest"; sourceTree = BUILT_PRODUCTS_DIR; };
		DF0E9B4B228F745800C0F356 /* Nerde_YesemTests.swift */ = {isa = PBXFileReference; lastKnownFileType = sourcecode.swift; path = Nerde_YesemTests.swift; sourceTree = "<group>"; };
		DF0E9B4D228F745800C0F356 /* Info.plist */ = {isa = PBXFileReference; lastKnownFileType = text.plist.xml; path = Info.plist; sourceTree = "<group>"; };
		DF0E9B52228F745800C0F356 /* Nerde YesemUITests.xctest */ = {isa = PBXFileReference; explicitFileType = wrapper.cfbundle; includeInIndex = 0; path = "Nerde YesemUITests.xctest"; sourceTree = BUILT_PRODUCTS_DIR; };
		DF0E9B56228F745800C0F356 /* Nerde_YesemUITests.swift */ = {isa = PBXFileReference; lastKnownFileType = sourcecode.swift; path = Nerde_YesemUITests.swift; sourceTree = "<group>"; };
		DF0E9B58228F745800C0F356 /* Info.plist */ = {isa = PBXFileReference; lastKnownFileType = text.plist.xml; path = Info.plist; sourceTree = "<group>"; };
		DF4DF63722958633008B4BE2 /* CategoriesViewController.swift */ = {isa = PBXFileReference; lastKnownFileType = sourcecode.swift; path = CategoriesViewController.swift; sourceTree = "<group>"; };
		DF4DF63922958692008B4BE2 /* Reachability.swift */ = {isa = PBXFileReference; lastKnownFileType = sourcecode.swift; path = Reachability.swift; sourceTree = "<group>"; };
		DF4DF63B229587CA008B4BE2 /* Constants.swift */ = {isa = PBXFileReference; lastKnownFileType = sourcecode.swift; path = Constants.swift; sourceTree = "<group>"; };
		DF4DF63F22958850008B4BE2 /* CategoriesPresenter.swift */ = {isa = PBXFileReference; lastKnownFileType = sourcecode.swift; path = CategoriesPresenter.swift; sourceTree = "<group>"; };
		DF4DF6412295885A008B4BE2 /* CategoriesView.swift */ = {isa = PBXFileReference; lastKnownFileType = sourcecode.swift; path = CategoriesView.swift; sourceTree = "<group>"; };
		DF4DF64322958A01008B4BE2 /* APIRouter.swift */ = {isa = PBXFileReference; lastKnownFileType = sourcecode.swift; path = APIRouter.swift; sourceTree = "<group>"; };
		DF4DF64522958F5F008B4BE2 /* APIConfiguration.swift */ = {isa = PBXFileReference; lastKnownFileType = sourcecode.swift; path = APIConfiguration.swift; sourceTree = "<group>"; };
		DF4DF65522959C56008B4BE2 /* NearbyRestaurantResponse.swift */ = {isa = PBXFileReference; lastKnownFileType = sourcecode.swift; path = NearbyRestaurantResponse.swift; sourceTree = "<group>"; };
		DF4DF65722959CC1008B4BE2 /* Location.swift */ = {isa = PBXFileReference; lastKnownFileType = sourcecode.swift; path = Location.swift; sourceTree = "<group>"; };
		DF4DF65922959CEB008B4BE2 /* NearbyRestaurants.swift */ = {isa = PBXFileReference; lastKnownFileType = sourcecode.swift; path = NearbyRestaurants.swift; sourceTree = "<group>"; };
		DF4DF65B22959D06008B4BE2 /* Popularity.swift */ = {isa = PBXFileReference; lastKnownFileType = sourcecode.swift; path = Popularity.swift; sourceTree = "<group>"; };
		DF4DF65D22959D1C008B4BE2 /* R.swift */ = {isa = PBXFileReference; lastKnownFileType = sourcecode.swift; path = R.swift; sourceTree = "<group>"; };
		DF4DF65F22959D2C008B4BE2 /* Restaurant.swift */ = {isa = PBXFileReference; lastKnownFileType = sourcecode.swift; path = Restaurant.swift; sourceTree = "<group>"; };
		DF4DF66122959D50008B4BE2 /* UserRating.swift */ = {isa = PBXFileReference; lastKnownFileType = sourcecode.swift; path = UserRating.swift; sourceTree = "<group>"; };
		DF4DF6632295A017008B4BE2 /* CategoriesResponse.swift */ = {isa = PBXFileReference; lastKnownFileType = sourcecode.swift; path = CategoriesResponse.swift; sourceTree = "<group>"; };
		DF4DF6652295A058008B4BE2 /* Category.swift */ = {isa = PBXFileReference; lastKnownFileType = sourcecode.swift; path = Category.swift; sourceTree = "<group>"; };
		DF4DF6672295A08F008B4BE2 /* Categories.swift */ = {isa = PBXFileReference; lastKnownFileType = sourcecode.swift; path = Categories.swift; sourceTree = "<group>"; };
		DF4DF6692295AB0F008B4BE2 /* Categories.storyboard */ = {isa = PBXFileReference; lastKnownFileType = file.storyboard; path = Categories.storyboard; sourceTree = "<group>"; };
		DF4DF66B2295AB26008B4BE2 /* NearbyRestaurants.storyboard */ = {isa = PBXFileReference; lastKnownFileType = file.storyboard; path = NearbyRestaurants.storyboard; sourceTree = "<group>"; };
		DF4DF66E2295AE83008B4BE2 /* CategoriesCell.swift */ = {isa = PBXFileReference; lastKnownFileType = sourcecode.swift; path = CategoriesCell.swift; sourceTree = "<group>"; };
		DF4DF6702295AF6C008B4BE2 /* CategoriesViewModel.swift */ = {isa = PBXFileReference; lastKnownFileType = sourcecode.swift; path = CategoriesViewModel.swift; sourceTree = "<group>"; };
		DF4DF6722295B7F4008B4BE2 /* CategoriesDataSource.swift */ = {isa = PBXFileReference; lastKnownFileType = sourcecode.swift; path = CategoriesDataSource.swift; sourceTree = "<group>"; };
		DF4DF6792295C250008B4BE2 /* NearbyRestaurantsPresenter.swift */ = {isa = PBXFileReference; lastKnownFileType = sourcecode.swift; path = NearbyRestaurantsPresenter.swift; sourceTree = "<group>"; };
		DF4DF67B2295C2B3008B4BE2 /* NearbyRestaurantsView.swift */ = {isa = PBXFileReference; lastKnownFileType = sourcecode.swift; path = NearbyRestaurantsView.swift; sourceTree = "<group>"; };
		DF4DF67D2295C4DD008B4BE2 /* NearbyRestaurantCell.swift */ = {isa = PBXFileReference; lastKnownFileType = sourcecode.swift; path = NearbyRestaurantCell.swift; sourceTree = "<group>"; };
		DF4DF67F2295CB2D008B4BE2 /* NearbyRestaurantViewModel.swift */ = {isa = PBXFileReference; lastKnownFileType = sourcecode.swift; path = NearbyRestaurantViewModel.swift; sourceTree = "<group>"; };
		DF4DF6812296966A008B4BE2 /* NearbyRestaurantDataSource.swift */ = {isa = PBXFileReference; lastKnownFileType = sourcecode.swift; path = NearbyRestaurantDataSource.swift; sourceTree = "<group>"; };
		DF59CAAA22956C6B00018377 /* Extensions.swift */ = {isa = PBXFileReference; lastKnownFileType = sourcecode.swift; path = Extensions.swift; sourceTree = "<group>"; };
		DF59CAAC22956C7E00018377 /* NerdeYesemUtils.swift */ = {isa = PBXFileReference; lastKnownFileType = sourcecode.swift; path = NerdeYesemUtils.swift; sourceTree = "<group>"; };
		DF59CAAE22956CA500018377 /* BaseViewController.swift */ = {isa = PBXFileReference; lastKnownFileType = sourcecode.swift; path = BaseViewController.swift; sourceTree = "<group>"; };
		E8294869D7B9149EC821BFB6 /* Pods-Nerde Yesem.debug.xcconfig */ = {isa = PBXFileReference; includeInIndex = 1; lastKnownFileType = text.xcconfig; name = "Pods-Nerde Yesem.debug.xcconfig"; path = "Target Support Files/Pods-Nerde Yesem/Pods-Nerde Yesem.debug.xcconfig"; sourceTree = "<group>"; };
/* End PBXFileReference section */

/* Begin PBXFrameworksBuildPhase section */
		DF0E9B30228F745800C0F356 /* Frameworks */ = {
			isa = PBXFrameworksBuildPhase;
			buildActionMask = 2147483647;
			files = (
				0CF8C3B7B05296E836275CC7 /* Pods_Nerde_Yesem.framework in Frameworks */,
			);
			runOnlyForDeploymentPostprocessing = 0;
		};
		DF0E9B44228F745800C0F356 /* Frameworks */ = {
			isa = PBXFrameworksBuildPhase;
			buildActionMask = 2147483647;
			files = (
			);
			runOnlyForDeploymentPostprocessing = 0;
		};
		DF0E9B4F228F745800C0F356 /* Frameworks */ = {
			isa = PBXFrameworksBuildPhase;
			buildActionMask = 2147483647;
			files = (
			);
			runOnlyForDeploymentPostprocessing = 0;
		};
/* End PBXFrameworksBuildPhase section */

/* Begin PBXGroup section */
		1157D7BB55F7F6F63A5DCD30 /* Frameworks */ = {
			isa = PBXGroup;
			children = (
				B7DA18611AAF409707E17770 /* Pods_Nerde_Yesem.framework */,
			);
			name = Frameworks;
			sourceTree = "<group>";
		};
		59A3B328F331A6246CFEC683 /* Pods */ = {
			isa = PBXGroup;
			children = (
				E8294869D7B9149EC821BFB6 /* Pods-Nerde Yesem.debug.xcconfig */,
				01FE4ED932FCA801F59A712D /* Pods-Nerde Yesem.release.xcconfig */,
			);
			path = Pods;
			sourceTree = "<group>";
		};
		DF03E9CA2297ED7B00B1F904 /* restaurantdetail */ = {
			isa = PBXGroup;
			children = (
				DF03E9CB2297ED9A00B1F904 /* RestaurantDetailViewController.swift */,
				DF03E9CD2297F6DD00B1F904 /* RestaurantDetailPresenter.swift */,
				DF03E9CF2297F6EC00B1F904 /* RestaurantView.swift */,
			);
			path = restaurantdetail;
			sourceTree = "<group>";
		};
		DF03E9D12297F86400B1F904 /* restaurantDetail */ = {
			isa = PBXGroup;
			children = (
				DF03E9D22297F91A00B1F904 /* RestaurantDetailResponse.swift */,
			);
			path = restaurantDetail;
			sourceTree = "<group>";
		};
		DF03E9D42298108A00B1F904 /* start */ = {
			isa = PBXGroup;
			children = (
				DF03E9D5229810A900B1F904 /* LoginViewController.swift */,
			);
			path = start;
			sourceTree = "<group>";
		};
		DF0E9B2A228F745800C0F356 = {
			isa = PBXGroup;
			children = (
				DF0E9B35228F745800C0F356 /* Nerde Yesem */,
				DF0E9B4A228F745800C0F356 /* Nerde YesemTests */,
				DF0E9B55228F745800C0F356 /* Nerde YesemUITests */,
				DF0E9B34228F745800C0F356 /* Products */,
				59A3B328F331A6246CFEC683 /* Pods */,
				1157D7BB55F7F6F63A5DCD30 /* Frameworks */,
			);
			sourceTree = "<group>";
		};
		DF0E9B34228F745800C0F356 /* Products */ = {
			isa = PBXGroup;
			children = (
				DF0E9B33228F745800C0F356 /* Nerde Yesem.app */,
				DF0E9B47228F745800C0F356 /* Nerde YesemTests.xctest */,
				DF0E9B52228F745800C0F356 /* Nerde YesemUITests.xctest */,
			);
			name = Products;
			sourceTree = "<group>";
		};
		DF0E9B35228F745800C0F356 /* Nerde Yesem */ = {
			isa = PBXGroup;
			children = (
				DF59CA892295695000018377 /* Models */,
				DF59CA8C2295696400018377 /* ViewModels */,
				DF4DF66D2295AE5D008B4BE2 /* View */,
				DF59CA8A2295695500018377 /* Controllers */,
				DF4DF6742295B8B0008B4BE2 /* Datasources */,
				DF59CAA922956C1900018377 /* Utils */,
				DF59CA8D2295698000018377 /* Storyboards */,
				DF59CA88229568C900018377 /* Api */,
				DF0E9B36228F745800C0F356 /* AppDelegate.swift */,
				DF0E9B3D228F745800C0F356 /* Assets.xcassets */,
				DF0E9B42228F745800C0F356 /* Info.plist */,
			);
			path = "Nerde Yesem";
			sourceTree = "<group>";
		};
		DF0E9B4A228F745800C0F356 /* Nerde YesemTests */ = {
			isa = PBXGroup;
			children = (
				DF0E9B4B228F745800C0F356 /* Nerde_YesemTests.swift */,
				DF0E9B4D228F745800C0F356 /* Info.plist */,
			);
			path = "Nerde YesemTests";
			sourceTree = "<group>";
		};
		DF0E9B55228F745800C0F356 /* Nerde YesemUITests */ = {
			isa = PBXGroup;
			children = (
				DF0E9B56228F745800C0F356 /* Nerde_YesemUITests.swift */,
				DF0E9B58228F745800C0F356 /* Info.plist */,
			);
			path = "Nerde YesemUITests";
			sourceTree = "<group>";
		};
		DF4DF63D22958828008B4BE2 /* nearbyrestaurants */ = {
			isa = PBXGroup;
			children = (
				DF0E9B38228F745800C0F356 /* NearbyRestaurantsViewController.swift */,
				DF4DF6792295C250008B4BE2 /* NearbyRestaurantsPresenter.swift */,
				DF4DF67B2295C2B3008B4BE2 /* NearbyRestaurantsView.swift */,
			);
			path = nearbyrestaurants;
			sourceTree = "<group>";
		};
		DF4DF63E22958832008B4BE2 /* categories */ = {
			isa = PBXGroup;
			children = (
				DF4DF63722958633008B4BE2 /* CategoriesViewController.swift */,
				DF4DF63F22958850008B4BE2 /* CategoriesPresenter.swift */,
				DF4DF6412295885A008B4BE2 /* CategoriesView.swift */,
			);
			path = categories;
			sourceTree = "<group>";
		};
		DF4DF66D2295AE5D008B4BE2 /* View */ = {
			isa = PBXGroup;
			children = (
				DF4DF66E2295AE83008B4BE2 /* CategoriesCell.swift */,
				DF4DF67D2295C4DD008B4BE2 /* NearbyRestaurantCell.swift */,
			);
			path = View;
			sourceTree = "<group>";
		};
		DF4DF6742295B8B0008B4BE2 /* Datasources */ = {
			isa = PBXGroup;
			children = (
				DF4DF6722295B7F4008B4BE2 /* CategoriesDataSource.swift */,
				DF4DF6812296966A008B4BE2 /* NearbyRestaurantDataSource.swift */,
			);
			path = Datasources;
			sourceTree = "<group>";
		};
		DF59CA88229568C900018377 /* Api */ = {
			isa = PBXGroup;
			children = (
				DF4DF64322958A01008B4BE2 /* APIRouter.swift */,
				DF4DF64522958F5F008B4BE2 /* APIConfiguration.swift */,
			);
			path = Api;
			sourceTree = "<group>";
		};
		DF59CA892295695000018377 /* Models */ = {
			isa = PBXGroup;
			children = (
				DF03E9D12297F86400B1F904 /* restaurantDetail */,
				DF59CAA422956B5800018377 /* categories */,
				DF59CA9C22956B2100018377 /* nearbyrestaurants */,
			);
			path = Models;
			sourceTree = "<group>";
		};
		DF59CA8A2295695500018377 /* Controllers */ = {
			isa = PBXGroup;
			children = (
				DF03E9D42298108A00B1F904 /* start */,
				DF03E9CA2297ED7B00B1F904 /* restaurantdetail */,
				DF4DF63E22958832008B4BE2 /* categories */,
				DF4DF63D22958828008B4BE2 /* nearbyrestaurants */,
			);
			path = Controllers;
			sourceTree = "<group>";
		};
		DF59CA8C2295696400018377 /* ViewModels */ = {
			isa = PBXGroup;
			children = (
				DF4DF6702295AF6C008B4BE2 /* CategoriesViewModel.swift */,
				DF4DF67F2295CB2D008B4BE2 /* NearbyRestaurantViewModel.swift */,
			);
			path = ViewModels;
			sourceTree = "<group>";
		};
		DF59CA8D2295698000018377 /* Storyboards */ = {
			isa = PBXGroup;
			children = (
				DF0E9B3F228F745800C0F356 /* LaunchScreen.storyboard */,
				DF0E9B3A228F745800C0F356 /* Main.storyboard */,
				DF4DF6692295AB0F008B4BE2 /* Categories.storyboard */,
				DF4DF66B2295AB26008B4BE2 /* NearbyRestaurants.storyboard */,
				DF03E9C62297E46B00B1F904 /* RestaurantDetail.storyboard */,
			);
			path = Storyboards;
			sourceTree = "<group>";
		};
		DF59CA9C22956B2100018377 /* nearbyrestaurants */ = {
			isa = PBXGroup;
			children = (
				DF4DF65522959C56008B4BE2 /* NearbyRestaurantResponse.swift */,
				DF4DF65722959CC1008B4BE2 /* Location.swift */,
				DF4DF65922959CEB008B4BE2 /* NearbyRestaurants.swift */,
				DF4DF65B22959D06008B4BE2 /* Popularity.swift */,
				DF4DF65D22959D1C008B4BE2 /* R.swift */,
				DF4DF65F22959D2C008B4BE2 /* Restaurant.swift */,
				DF4DF66122959D50008B4BE2 /* UserRating.swift */,
			);
			path = nearbyrestaurants;
			sourceTree = "<group>";
		};
		DF59CAA422956B5800018377 /* categories */ = {
			isa = PBXGroup;
			children = (
				DF4DF6632295A017008B4BE2 /* CategoriesResponse.swift */,
				DF4DF6652295A058008B4BE2 /* Category.swift */,
				DF4DF6672295A08F008B4BE2 /* Categories.swift */,
			);
			path = categories;
			sourceTree = "<group>";
		};
		DF59CAA922956C1900018377 /* Utils */ = {
			isa = PBXGroup;
			children = (
				DF59CAAA22956C6B00018377 /* Extensions.swift */,
				DF59CAAC22956C7E00018377 /* NerdeYesemUtils.swift */,
				DF59CAAE22956CA500018377 /* BaseViewController.swift */,
				DF4DF63922958692008B4BE2 /* Reachability.swift */,
				DF4DF63B229587CA008B4BE2 /* Constants.swift */,
				DF03E9C82297EA7900B1F904 /* IBDesignableExtensions.swift */,
				DF03E9D72298145B00B1F904 /* BiometricAuthenticator.swift */,
				DF03E9D92298147900B1F904 /* AuthenticationError.swift */,
			);
			path = Utils;
			sourceTree = "<group>";
		};
/* End PBXGroup section */

/* Begin PBXNativeTarget section */
		DF0E9B32228F745800C0F356 /* Nerde Yesem */ = {
			isa = PBXNativeTarget;
			buildConfigurationList = DF0E9B5B228F745800C0F356 /* Build configuration list for PBXNativeTarget "Nerde Yesem" */;
			buildPhases = (
				FEF84FBC0C570272F0C10304 /* [CP] Check Pods Manifest.lock */,
				DF0E9B2F228F745800C0F356 /* Sources */,
				DF0E9B30228F745800C0F356 /* Frameworks */,
				DF0E9B31228F745800C0F356 /* Resources */,
				72D8307D58E2245B27B4C55B /* [CP] Embed Pods Frameworks */,
				074EFF7DE8F688D22163EE20 /* [CP] Copy Pods Resources */,
			);
			buildRules = (
			);
			dependencies = (
			);
			name = "Nerde Yesem";
			productName = "Nerde Yesem";
			productReference = DF0E9B33228F745800C0F356 /* Nerde Yesem.app */;
			productType = "com.apple.product-type.application";
		};
		DF0E9B46228F745800C0F356 /* Nerde YesemTests */ = {
			isa = PBXNativeTarget;
			buildConfigurationList = DF0E9B5E228F745800C0F356 /* Build configuration list for PBXNativeTarget "Nerde YesemTests" */;
			buildPhases = (
				DF0E9B43228F745800C0F356 /* Sources */,
				DF0E9B44228F745800C0F356 /* Frameworks */,
				DF0E9B45228F745800C0F356 /* Resources */,
			);
			buildRules = (
			);
			dependencies = (
				DF0E9B49228F745800C0F356 /* PBXTargetDependency */,
			);
			name = "Nerde YesemTests";
			productName = "Nerde YesemTests";
			productReference = DF0E9B47228F745800C0F356 /* Nerde YesemTests.xctest */;
			productType = "com.apple.product-type.bundle.unit-test";
		};
		DF0E9B51228F745800C0F356 /* Nerde YesemUITests */ = {
			isa = PBXNativeTarget;
			buildConfigurationList = DF0E9B61228F745800C0F356 /* Build configuration list for PBXNativeTarget "Nerde YesemUITests" */;
			buildPhases = (
				DF0E9B4E228F745800C0F356 /* Sources */,
				DF0E9B4F228F745800C0F356 /* Frameworks */,
				DF0E9B50228F745800C0F356 /* Resources */,
			);
			buildRules = (
			);
			dependencies = (
				DF0E9B54228F745800C0F356 /* PBXTargetDependency */,
			);
			name = "Nerde YesemUITests";
			productName = "Nerde YesemUITests";
			productReference = DF0E9B52228F745800C0F356 /* Nerde YesemUITests.xctest */;
			productType = "com.apple.product-type.bundle.ui-testing";
		};
/* End PBXNativeTarget section */

/* Begin PBXProject section */
		DF0E9B2B228F745800C0F356 /* Project object */ = {
			isa = PBXProject;
			attributes = {
				LastSwiftUpdateCheck = 1020;
				LastUpgradeCheck = 1020;
				ORGANIZATIONNAME = "Batuhan Göbekli";
				TargetAttributes = {
					DF0E9B32228F745800C0F356 = {
						CreatedOnToolsVersion = 10.2.1;
					};
					DF0E9B46228F745800C0F356 = {
						CreatedOnToolsVersion = 10.2.1;
						TestTargetID = DF0E9B32228F745800C0F356;
					};
					DF0E9B51228F745800C0F356 = {
						CreatedOnToolsVersion = 10.2.1;
						TestTargetID = DF0E9B32228F745800C0F356;
					};
				};
			};
			buildConfigurationList = DF0E9B2E228F745800C0F356 /* Build configuration list for PBXProject "Nerde Yesem" */;
			compatibilityVersion = "Xcode 9.3";
			developmentRegion = en;
			hasScannedForEncodings = 0;
			knownRegions = (
				en,
				Base,
			);
			mainGroup = DF0E9B2A228F745800C0F356;
			productRefGroup = DF0E9B34228F745800C0F356 /* Products */;
			projectDirPath = "";
			projectRoot = "";
			targets = (
				DF0E9B32228F745800C0F356 /* Nerde Yesem */,
				DF0E9B46228F745800C0F356 /* Nerde YesemTests */,
				DF0E9B51228F745800C0F356 /* Nerde YesemUITests */,
			);
		};
/* End PBXProject section */

/* Begin PBXResourcesBuildPhase section */
		DF0E9B31228F745800C0F356 /* Resources */ = {
			isa = PBXResourcesBuildPhase;
			buildActionMask = 2147483647;
			files = (
				DF4DF66C2295AB26008B4BE2 /* NearbyRestaurants.storyboard in Resources */,
				DF0E9B41228F745800C0F356 /* LaunchScreen.storyboard in Resources */,
				DF0E9B3E228F745800C0F356 /* Assets.xcassets in Resources */,
				DF4DF66A2295AB0F008B4BE2 /* Categories.storyboard in Resources */,
				DF03E9C72297E46B00B1F904 /* RestaurantDetail.storyboard in Resources */,
				DF0E9B3C228F745800C0F356 /* Main.storyboard in Resources */,
			);
			runOnlyForDeploymentPostprocessing = 0;
		};
		DF0E9B45228F745800C0F356 /* Resources */ = {
			isa = PBXResourcesBuildPhase;
			buildActionMask = 2147483647;
			files = (
			);
			runOnlyForDeploymentPostprocessing = 0;
		};
		DF0E9B50228F745800C0F356 /* Resources */ = {
			isa = PBXResourcesBuildPhase;
			buildActionMask = 2147483647;
			files = (
			);
			runOnlyForDeploymentPostprocessing = 0;
		};
/* End PBXResourcesBuildPhase section */

/* Begin PBXShellScriptBuildPhase section */
		074EFF7DE8F688D22163EE20 /* [CP] Copy Pods Resources */ = {
			isa = PBXShellScriptBuildPhase;
			buildActionMask = 2147483647;
			files = (
			);
			inputFileListPaths = (
			);
			inputPaths = (
				"${PODS_ROOT}/Target Support Files/Pods-Nerde Yesem/Pods-Nerde Yesem-resources.sh",
				"${PODS_ROOT}/GoogleMaps/Maps/Frameworks/GoogleMaps.framework/Resources/GoogleMaps.bundle",
				"${PODS_ROOT}/GooglePlaces/Frameworks/GooglePlaces.framework/Resources/GooglePlaces.bundle",
			);
			name = "[CP] Copy Pods Resources";
			outputFileListPaths = (
			);
			outputPaths = (
				"${TARGET_BUILD_DIR}/${UNLOCALIZED_RESOURCES_FOLDER_PATH}/GoogleMaps.bundle",
				"${TARGET_BUILD_DIR}/${UNLOCALIZED_RESOURCES_FOLDER_PATH}/GooglePlaces.bundle",
			);
			runOnlyForDeploymentPostprocessing = 0;
			shellPath = /bin/sh;
			shellScript = "\"${PODS_ROOT}/Target Support Files/Pods-Nerde Yesem/Pods-Nerde Yesem-resources.sh\"\n";
			showEnvVarsInLog = 0;
		};
		72D8307D58E2245B27B4C55B /* [CP] Embed Pods Frameworks */ = {
			isa = PBXShellScriptBuildPhase;
			buildActionMask = 2147483647;
			files = (
			);
			inputFileListPaths = (
			);
			inputPaths = (
				"${PODS_ROOT}/Target Support Files/Pods-Nerde Yesem/Pods-Nerde Yesem-frameworks.sh",
				"${BUILT_PRODUCTS_DIR}/Alamofire/Alamofire.framework",
				"${BUILT_PRODUCTS_DIR}/Kingfisher/Kingfisher.framework",
				"${BUILT_PRODUCTS_DIR}/NVActivityIndicatorView/NVActivityIndicatorView.framework",
			);
			name = "[CP] Embed Pods Frameworks";
			outputFileListPaths = (
			);
			outputPaths = (
				"${TARGET_BUILD_DIR}/${FRAMEWORKS_FOLDER_PATH}/Alamofire.framework",
				"${TARGET_BUILD_DIR}/${FRAMEWORKS_FOLDER_PATH}/Kingfisher.framework",
				"${TARGET_BUILD_DIR}/${FRAMEWORKS_FOLDER_PATH}/NVActivityIndicatorView.framework",
			);
			runOnlyForDeploymentPostprocessing = 0;
			shellPath = /bin/sh;
			shellScript = "\"${PODS_ROOT}/Target Support Files/Pods-Nerde Yesem/Pods-Nerde Yesem-frameworks.sh\"\n";
			showEnvVarsInLog = 0;
		};
		FEF84FBC0C570272F0C10304 /* [CP] Check Pods Manifest.lock */ = {
			isa = PBXShellScriptBuildPhase;
			buildActionMask = 2147483647;
			files = (
			);
			inputFileListPaths = (
			);
			inputPaths = (
				"${PODS_PODFILE_DIR_PATH}/Podfile.lock",
				"${PODS_ROOT}/Manifest.lock",
			);
			name = "[CP] Check Pods Manifest.lock";
			outputFileListPaths = (
			);
			outputPaths = (
				"$(DERIVED_FILE_DIR)/Pods-Nerde Yesem-checkManifestLockResult.txt",
			);
			runOnlyForDeploymentPostprocessing = 0;
			shellPath = /bin/sh;
			shellScript = "diff \"${PODS_PODFILE_DIR_PATH}/Podfile.lock\" \"${PODS_ROOT}/Manifest.lock\" > /dev/null\nif [ $? != 0 ] ; then\n    # print error to STDERR\n    echo \"error: The sandbox is not in sync with the Podfile.lock. Run 'pod install' or update your CocoaPods installation.\" >&2\n    exit 1\nfi\n# This output is used by Xcode 'outputs' to avoid re-running this script phase.\necho \"SUCCESS\" > \"${SCRIPT_OUTPUT_FILE_0}\"\n";
			showEnvVarsInLog = 0;
		};
/* End PBXShellScriptBuildPhase section */

/* Begin PBXSourcesBuildPhase section */
		DF0E9B2F228F745800C0F356 /* Sources */ = {
			isa = PBXSourcesBuildPhase;
			buildActionMask = 2147483647;
			files = (
				DF03E9D6229810A900B1F904 /* LoginViewController.swift in Sources */,
				DF4DF65622959C56008B4BE2 /* NearbyRestaurantResponse.swift in Sources */,
				DF59CAAF22956CA500018377 /* BaseViewController.swift in Sources */,
				DF4DF64422958A01008B4BE2 /* APIRouter.swift in Sources */,
				DF03E9C92297EA7900B1F904 /* IBDesignableExtensions.swift in Sources */,
				DF59CAAB22956C6B00018377 /* Extensions.swift in Sources */,
				DF03E9D02297F6EC00B1F904 /* RestaurantView.swift in Sources */,
				DF4DF6732295B7F4008B4BE2 /* CategoriesDataSource.swift in Sources */,
				DF03E9CE2297F6DD00B1F904 /* RestaurantDetailPresenter.swift in Sources */,
				DF0E9B39228F745800C0F356 /* NearbyRestaurantsViewController.swift in Sources */,
				DF59CAAD22956C7E00018377 /* NerdeYesemUtils.swift in Sources */,
				DF4DF64022958850008B4BE2 /* CategoriesPresenter.swift in Sources */,
				DF03E9DA2298147900B1F904 /* AuthenticationError.swift in Sources */,
				DF4DF67A2295C250008B4BE2 /* NearbyRestaurantsPresenter.swift in Sources */,
				DF03E9D32297F91A00B1F904 /* RestaurantDetailResponse.swift in Sources */,
				DF4DF66222959D50008B4BE2 /* UserRating.swift in Sources */,
				DF4DF65822959CC1008B4BE2 /* Location.swift in Sources */,
				DF4DF63822958633008B4BE2 /* CategoriesViewController.swift in Sources */,
				DF4DF63A22958692008B4BE2 /* Reachability.swift in Sources */,
				DF4DF6642295A017008B4BE2 /* CategoriesResponse.swift in Sources */,
				DF4DF64622958F5F008B4BE2 /* APIConfiguration.swift in Sources */,
				DF4DF66F2295AE83008B4BE2 /* CategoriesCell.swift in Sources */,
				DF03E9D82298145B00B1F904 /* BiometricAuthenticator.swift in Sources */,
				DF4DF6802295CB2D008B4BE2 /* NearbyRestaurantViewModel.swift in Sources */,
				DF4DF65E22959D1C008B4BE2 /* R.swift in Sources */,
				DF4DF65C22959D06008B4BE2 /* Popularity.swift in Sources */,
				DF4DF67C2295C2B3008B4BE2 /* NearbyRestaurantsView.swift in Sources */,
				DF4DF66022959D2C008B4BE2 /* Restaurant.swift in Sources */,
				DF4DF6682295A08F008B4BE2 /* Categories.swift in Sources */,
				DF4DF6422295885A008B4BE2 /* CategoriesView.swift in Sources */,
				DF0E9B37228F745800C0F356 /* AppDelegate.swift in Sources */,
				DF4DF67E2295C4DD008B4BE2 /* NearbyRestaurantCell.swift in Sources */,
				DF03E9CC2297ED9A00B1F904 /* RestaurantDetailViewController.swift in Sources */,
				DF4DF63C229587CA008B4BE2 /* Constants.swift in Sources */,
				DF4DF65A22959CEC008B4BE2 /* NearbyRestaurants.swift in Sources */,
				DF4DF6712295AF6C008B4BE2 /* CategoriesViewModel.swift in Sources */,
				DF4DF6822296966A008B4BE2 /* NearbyRestaurantDataSource.swift in Sources */,
				DF4DF6662295A058008B4BE2 /* Category.swift in Sources */,
			);
			runOnlyForDeploymentPostprocessing = 0;
		};
		DF0E9B43228F745800C0F356 /* Sources */ = {
			isa = PBXSourcesBuildPhase;
			buildActionMask = 2147483647;
			files = (
				DF0E9B4C228F745800C0F356 /* Nerde_YesemTests.swift in Sources */,
			);
			runOnlyForDeploymentPostprocessing = 0;
		};
		DF0E9B4E228F745800C0F356 /* Sources */ = {
			isa = PBXSourcesBuildPhase;
			buildActionMask = 2147483647;
			files = (
				DF0E9B57228F745800C0F356 /* Nerde_YesemUITests.swift in Sources */,
			);
			runOnlyForDeploymentPostprocessing = 0;
		};
/* End PBXSourcesBuildPhase section */

/* Begin PBXTargetDependency section */
		DF0E9B49228F745800C0F356 /* PBXTargetDependency */ = {
			isa = PBXTargetDependency;
			target = DF0E9B32228F745800C0F356 /* Nerde Yesem */;
			targetProxy = DF0E9B48228F745800C0F356 /* PBXContainerItemProxy */;
		};
		DF0E9B54228F745800C0F356 /* PBXTargetDependency */ = {
			isa = PBXTargetDependency;
			target = DF0E9B32228F745800C0F356 /* Nerde Yesem */;
			targetProxy = DF0E9B53228F745800C0F356 /* PBXContainerItemProxy */;
		};
/* End PBXTargetDependency section */

/* Begin PBXVariantGroup section */
		DF0E9B3A228F745800C0F356 /* Main.storyboard */ = {
			isa = PBXVariantGroup;
			children = (
				DF0E9B3B228F745800C0F356 /* Base */,
			);
			name = Main.storyboard;
			sourceTree = "<group>";
		};
		DF0E9B3F228F745800C0F356 /* LaunchScreen.storyboard */ = {
			isa = PBXVariantGroup;
			children = (
				DF0E9B40228F745800C0F356 /* Base */,
			);
			name = LaunchScreen.storyboard;
			sourceTree = "<group>";
		};
/* End PBXVariantGroup section */

/* Begin XCBuildConfiguration section */
		DF0E9B59228F745800C0F356 /* Debug */ = {
			isa = XCBuildConfiguration;
			buildSettings = {
				ALWAYS_SEARCH_USER_PATHS = NO;
				CLANG_ANALYZER_NONNULL = YES;
				CLANG_ANALYZER_NUMBER_OBJECT_CONVERSION = YES_AGGRESSIVE;
				CLANG_CXX_LANGUAGE_STANDARD = "gnu++14";
				CLANG_CXX_LIBRARY = "libc++";
				CLANG_ENABLE_MODULES = YES;
				CLANG_ENABLE_OBJC_ARC = YES;
				CLANG_ENABLE_OBJC_WEAK = YES;
				CLANG_WARN_BLOCK_CAPTURE_AUTORELEASING = YES;
				CLANG_WARN_BOOL_CONVERSION = YES;
				CLANG_WARN_COMMA = YES;
				CLANG_WARN_CONSTANT_CONVERSION = YES;
				CLANG_WARN_DEPRECATED_OBJC_IMPLEMENTATIONS = YES;
				CLANG_WARN_DIRECT_OBJC_ISA_USAGE = YES_ERROR;
				CLANG_WARN_DOCUMENTATION_COMMENTS = YES;
				CLANG_WARN_EMPTY_BODY = YES;
				CLANG_WARN_ENUM_CONVERSION = YES;
				CLANG_WARN_INFINITE_RECURSION = YES;
				CLANG_WARN_INT_CONVERSION = YES;
				CLANG_WARN_NON_LITERAL_NULL_CONVERSION = YES;
				CLANG_WARN_OBJC_IMPLICIT_RETAIN_SELF = YES;
				CLANG_WARN_OBJC_LITERAL_CONVERSION = YES;
				CLANG_WARN_OBJC_ROOT_CLASS = YES_ERROR;
				CLANG_WARN_RANGE_LOOP_ANALYSIS = YES;
				CLANG_WARN_STRICT_PROTOTYPES = YES;
				CLANG_WARN_SUSPICIOUS_MOVE = YES;
				CLANG_WARN_UNGUARDED_AVAILABILITY = YES_AGGRESSIVE;
				CLANG_WARN_UNREACHABLE_CODE = YES;
				CLANG_WARN__DUPLICATE_METHOD_MATCH = YES;
				CODE_SIGN_IDENTITY = "iPhone Developer";
				COPY_PHASE_STRIP = NO;
				DEBUG_INFORMATION_FORMAT = dwarf;
				ENABLE_STRICT_OBJC_MSGSEND = YES;
				ENABLE_TESTABILITY = YES;
				GCC_C_LANGUAGE_STANDARD = gnu11;
				GCC_DYNAMIC_NO_PIC = NO;
				GCC_NO_COMMON_BLOCKS = YES;
				GCC_OPTIMIZATION_LEVEL = 0;
				GCC_PREPROCESSOR_DEFINITIONS = (
					"DEBUG=1",
					"$(inherited)",
				);
				GCC_WARN_64_TO_32_BIT_CONVERSION = YES;
				GCC_WARN_ABOUT_RETURN_TYPE = YES_ERROR;
				GCC_WARN_UNDECLARED_SELECTOR = YES;
				GCC_WARN_UNINITIALIZED_AUTOS = YES_AGGRESSIVE;
				GCC_WARN_UNUSED_FUNCTION = YES;
				GCC_WARN_UNUSED_VARIABLE = YES;
				IPHONEOS_DEPLOYMENT_TARGET = 12.2;
				MTL_ENABLE_DEBUG_INFO = INCLUDE_SOURCE;
				MTL_FAST_MATH = YES;
				ONLY_ACTIVE_ARCH = YES;
				SDKROOT = iphoneos;
				SWIFT_ACTIVE_COMPILATION_CONDITIONS = DEBUG;
				SWIFT_OPTIMIZATION_LEVEL = "-Onone";
			};
			name = Debug;
		};
		DF0E9B5A228F745800C0F356 /* Release */ = {
			isa = XCBuildConfiguration;
			buildSettings = {
				ALWAYS_SEARCH_USER_PATHS = NO;
				CLANG_ANALYZER_NONNULL = YES;
				CLANG_ANALYZER_NUMBER_OBJECT_CONVERSION = YES_AGGRESSIVE;
				CLANG_CXX_LANGUAGE_STANDARD = "gnu++14";
				CLANG_CXX_LIBRARY = "libc++";
				CLANG_ENABLE_MODULES = YES;
				CLANG_ENABLE_OBJC_ARC = YES;
				CLANG_ENABLE_OBJC_WEAK = YES;
				CLANG_WARN_BLOCK_CAPTURE_AUTORELEASING = YES;
				CLANG_WARN_BOOL_CONVERSION = YES;
				CLANG_WARN_COMMA = YES;
				CLANG_WARN_CONSTANT_CONVERSION = YES;
				CLANG_WARN_DEPRECATED_OBJC_IMPLEMENTATIONS = YES;
				CLANG_WARN_DIRECT_OBJC_ISA_USAGE = YES_ERROR;
				CLANG_WARN_DOCUMENTATION_COMMENTS = YES;
				CLANG_WARN_EMPTY_BODY = YES;
				CLANG_WARN_ENUM_CONVERSION = YES;
				CLANG_WARN_INFINITE_RECURSION = YES;
				CLANG_WARN_INT_CONVERSION = YES;
				CLANG_WARN_NON_LITERAL_NULL_CONVERSION = YES;
				CLANG_WARN_OBJC_IMPLICIT_RETAIN_SELF = YES;
				CLANG_WARN_OBJC_LITERAL_CONVERSION = YES;
				CLANG_WARN_OBJC_ROOT_CLASS = YES_ERROR;
				CLANG_WARN_RANGE_LOOP_ANALYSIS = YES;
				CLANG_WARN_STRICT_PROTOTYPES = YES;
				CLANG_WARN_SUSPICIOUS_MOVE = YES;
				CLANG_WARN_UNGUARDED_AVAILABILITY = YES_AGGRESSIVE;
				CLANG_WARN_UNREACHABLE_CODE = YES;
				CLANG_WARN__DUPLICATE_METHOD_MATCH = YES;
				CODE_SIGN_IDENTITY = "iPhone Developer";
				COPY_PHASE_STRIP = NO;
				DEBUG_INFORMATION_FORMAT = "dwarf-with-dsym";
				ENABLE_NS_ASSERTIONS = NO;
				ENABLE_STRICT_OBJC_MSGSEND = YES;
				GCC_C_LANGUAGE_STANDARD = gnu11;
				GCC_NO_COMMON_BLOCKS = YES;
				GCC_WARN_64_TO_32_BIT_CONVERSION = YES;
				GCC_WARN_ABOUT_RETURN_TYPE = YES_ERROR;
				GCC_WARN_UNDECLARED_SELECTOR = YES;
				GCC_WARN_UNINITIALIZED_AUTOS = YES_AGGRESSIVE;
				GCC_WARN_UNUSED_FUNCTION = YES;
				GCC_WARN_UNUSED_VARIABLE = YES;
				IPHONEOS_DEPLOYMENT_TARGET = 12.2;
				MTL_ENABLE_DEBUG_INFO = NO;
				MTL_FAST_MATH = YES;
				SDKROOT = iphoneos;
				SWIFT_COMPILATION_MODE = wholemodule;
				SWIFT_OPTIMIZATION_LEVEL = "-O";
				VALIDATE_PRODUCT = YES;
			};
			name = Release;
		};
		DF0E9B5C228F745800C0F356 /* Debug */ = {
			isa = XCBuildConfiguration;
			baseConfigurationReference = E8294869D7B9149EC821BFB6 /* Pods-Nerde Yesem.debug.xcconfig */;
			buildSettings = {
				ASSETCATALOG_COMPILER_APPICON_NAME = AppIcon;
				CODE_SIGN_STYLE = Automatic;
				DEVELOPMENT_TEAM = 5R3P3429UA;
				INFOPLIST_FILE = "Nerde Yesem/Info.plist";
				LD_RUNPATH_SEARCH_PATHS = (
					"$(inherited)",
					"@executable_path/Frameworks",
				);
				PRODUCT_BUNDLE_IDENTIFIER = "batuhangobekli.Nerde-Yesem";
				PRODUCT_NAME = "$(TARGET_NAME)";
				SWIFT_VERSION = 5.0;
				TARGETED_DEVICE_FAMILY = "1,2";
			};
			name = Debug;
		};
		DF0E9B5D228F745800C0F356 /* Release */ = {
			isa = XCBuildConfiguration;
			baseConfigurationReference = 01FE4ED932FCA801F59A712D /* Pods-Nerde Yesem.release.xcconfig */;
			buildSettings = {
				ASSETCATALOG_COMPILER_APPICON_NAME = AppIcon;
				CODE_SIGN_STYLE = Automatic;
				DEVELOPMENT_TEAM = 5R3P3429UA;
				INFOPLIST_FILE = "Nerde Yesem/Info.plist";
				LD_RUNPATH_SEARCH_PATHS = (
					"$(inherited)",
					"@executable_path/Frameworks",
				);
				PRODUCT_BUNDLE_IDENTIFIER = "batuhangobekli.Nerde-Yesem";
				PRODUCT_NAME = "$(TARGET_NAME)";
				SWIFT_VERSION = 5.0;
				TARGETED_DEVICE_FAMILY = "1,2";
			};
			name = Release;
		};
		DF0E9B5F228F745800C0F356 /* Debug */ = {
			isa = XCBuildConfiguration;
			buildSettings = {
				ALWAYS_EMBED_SWIFT_STANDARD_LIBRARIES = YES;
				BUNDLE_LOADER = "$(TEST_HOST)";
				CODE_SIGN_STYLE = Automatic;
				DEVELOPMENT_TEAM = 5R3P3429UA;
				INFOPLIST_FILE = "Nerde YesemTests/Info.plist";
				LD_RUNPATH_SEARCH_PATHS = (
					"$(inherited)",
					"@executable_path/Frameworks",
					"@loader_path/Frameworks",
				);
				PRODUCT_BUNDLE_IDENTIFIER = "batuhangobekli.Nerde-YesemTests";
				PRODUCT_NAME = "$(TARGET_NAME)";
				SWIFT_VERSION = 5.0;
				TARGETED_DEVICE_FAMILY = "1,2";
				TEST_HOST = "$(BUILT_PRODUCTS_DIR)/Nerde Yesem.app/Nerde Yesem";
			};
			name = Debug;
		};
		DF0E9B60228F745800C0F356 /* Release */ = {
			isa = XCBuildConfiguration;
			buildSettings = {
				ALWAYS_EMBED_SWIFT_STANDARD_LIBRARIES = YES;
				BUNDLE_LOADER = "$(TEST_HOST)";
				CODE_SIGN_STYLE = Automatic;
				DEVELOPMENT_TEAM = 5R3P3429UA;
				INFOPLIST_FILE = "Nerde YesemTests/Info.plist";
				LD_RUNPATH_SEARCH_PATHS = (
					"$(inherited)",
					"@executable_path/Frameworks",
					"@loader_path/Frameworks",
				);
				PRODUCT_BUNDLE_IDENTIFIER = "batuhangobekli.Nerde-YesemTests";
				PRODUCT_NAME = "$(TARGET_NAME)";
				SWIFT_VERSION = 5.0;
				TARGETED_DEVICE_FAMILY = "1,2";
				TEST_HOST = "$(BUILT_PRODUCTS_DIR)/Nerde Yesem.app/Nerde Yesem";
			};
			name = Release;
		};
		DF0E9B62228F745800C0F356 /* Debug */ = {
			isa = XCBuildConfiguration;
			buildSettings = {
				ALWAYS_EMBED_SWIFT_STANDARD_LIBRARIES = YES;
				CODE_SIGN_STYLE = Automatic;
				DEVELOPMENT_TEAM = 5R3P3429UA;
				INFOPLIST_FILE = "Nerde YesemUITests/Info.plist";
				LD_RUNPATH_SEARCH_PATHS = (
					"$(inherited)",
					"@executable_path/Frameworks",
					"@loader_path/Frameworks",
				);
				PRODUCT_BUNDLE_IDENTIFIER = "batuhangobekli.Nerde-YesemUITests";
				PRODUCT_NAME = "$(TARGET_NAME)";
				SWIFT_VERSION = 5.0;
				TARGETED_DEVICE_FAMILY = "1,2";
				TEST_TARGET_NAME = "Nerde Yesem";
			};
			name = Debug;
		};
		DF0E9B63228F745800C0F356 /* Release */ = {
			isa = XCBuildConfiguration;
			buildSettings = {
				ALWAYS_EMBED_SWIFT_STANDARD_LIBRARIES = YES;
				CODE_SIGN_STYLE = Automatic;
				DEVELOPMENT_TEAM = 5R3P3429UA;
				INFOPLIST_FILE = "Nerde YesemUITests/Info.plist";
				LD_RUNPATH_SEARCH_PATHS = (
					"$(inherited)",
					"@executable_path/Frameworks",
					"@loader_path/Frameworks",
				);
				PRODUCT_BUNDLE_IDENTIFIER = "batuhangobekli.Nerde-YesemUITests";
				PRODUCT_NAME = "$(TARGET_NAME)";
				SWIFT_VERSION = 5.0;
				TARGETED_DEVICE_FAMILY = "1,2";
				TEST_TARGET_NAME = "Nerde Yesem";
			};
			name = Release;
		};
/* End XCBuildConfiguration section */

/* Begin XCConfigurationList section */
		DF0E9B2E228F745800C0F356 /* Build configuration list for PBXProject "Nerde Yesem" */ = {
			isa = XCConfigurationList;
			buildConfigurations = (
				DF0E9B59228F745800C0F356 /* Debug */,
				DF0E9B5A228F745800C0F356 /* Release */,
			);
			defaultConfigurationIsVisible = 0;
			defaultConfigurationName = Release;
		};
		DF0E9B5B228F745800C0F356 /* Build configuration list for PBXNativeTarget "Nerde Yesem" */ = {
			isa = XCConfigurationList;
			buildConfigurations = (
				DF0E9B5C228F745800C0F356 /* Debug */,
				DF0E9B5D228F745800C0F356 /* Release */,
			);
			defaultConfigurationIsVisible = 0;
			defaultConfigurationName = Release;
		};
		DF0E9B5E228F745800C0F356 /* Build configuration list for PBXNativeTarget "Nerde YesemTests" */ = {
			isa = XCConfigurationList;
			buildConfigurations = (
				DF0E9B5F228F745800C0F356 /* Debug */,
				DF0E9B60228F745800C0F356 /* Release */,
			);
			defaultConfigurationIsVisible = 0;
			defaultConfigurationName = Release;
		};
		DF0E9B61228F745800C0F356 /* Build configuration list for PBXNativeTarget "Nerde YesemUITests" */ = {
			isa = XCConfigurationList;
			buildConfigurations = (
				DF0E9B62228F745800C0F356 /* Debug */,
				DF0E9B63228F745800C0F356 /* Release */,
			);
			defaultConfigurationIsVisible = 0;
			defaultConfigurationName = Release;
		};
/* End XCConfigurationList section */
	};
	rootObject = DF0E9B2B228F745800C0F356 /* Project object */;
}
